
Microsoft Visual Studio Solution File, Format Version 12.00
# Visual Studio 15
VisualStudioVersion = 15.0.27703.2018
MinimumVisualStudioVersion = 10.0.40219.1
Project("{9A19103F-16F7-4668-BE54-9A1E7A4F7556}") = "RESTApiAccess", "RESTApiAccess\RESTApiAccess.csproj", "{22EDA29C-AB6B-480F-BB56-72B8510E997F}"
EndProject
Project("{2150E333-8FDC-42A3-9474-1A3956D46DE8}") = "src", "src", "{2F8EBCA8-C3BA-402D-BF50-9E5EE60463E7}"
EndProject
Project("{2150E333-8FDC-42A3-9474-1A3956D46DE8}") = "tests", "tests", "{FE01EDE4-27F9-4A1D-B0D7-93493BF7C5FC}"
EndProject
Project("{FAE04EC0-301F-11D3-BF4B-00C04F79EFBC}") = "RESTApiAccess.Tests", "RESTApiAccess.Tests\RESTApiAccess.Tests.csproj", "{2B3BF736-BF5C-4768-99DA-3F2FB9FB3912}"
EndProject
Global
	GlobalSection(SolutionConfigurationPlatforms) = preSolution
		Debug|Any CPU = Debug|Any CPU
		Release|Any CPU = Release|Any CPU
	EndGlobalSection
	GlobalSection(ProjectConfigurationPlatforms) = postSolution
		{22EDA29C-AB6B-480F-BB56-72B8510E997F}.Debug|Any CPU.ActiveCfg = Debug|Any CPU
		{22EDA29C-AB6B-480F-BB56-72B8510E997F}.Debug|Any CPU.Build.0 = Debug|Any CPU
		{22EDA29C-AB6B-480F-BB56-72B8510E997F}.Release|Any CPU.ActiveCfg = Release|Any CPU
		{22EDA29C-AB6B-480F-BB56-72B8510E997F}.Release|Any CPU.Build.0 = Release|Any CPU
		{2B3BF736-BF5C-4768-99DA-3F2FB9FB3912}.Debug|Any CPU.ActiveCfg = Debug|Any CPU
		{2B3BF736-BF5C-4768-99DA-3F2FB9FB3912}.Debug|Any CPU.Build.0 = Debug|Any CPU
		{2B3BF736-BF5C-4768-99DA-3F2FB9FB3912}.Release|Any CPU.ActiveCfg = Release|Any CPU
		{2B3BF736-BF5C-4768-99DA-3F2FB9FB3912}.Release|Any CPU.Build.0 = Release|Any CPU
	EndGlobalSection
	GlobalSection(SolutionProperties) = preSolution
		HideSolutionNode = FALSE
	EndGlobalSection
	GlobalSection(NestedProjects) = preSolution
		{22EDA29C-AB6B-480F-BB56-72B8510E997F} = {2F8EBCA8-C3BA-402D-BF50-9E5EE60463E7}
		{2B3BF736-BF5C-4768-99DA-3F2FB9FB3912} = {FE01EDE4-27F9-4A1D-B0D7-93493BF7C5FC}
	EndGlobalSection
	GlobalSection(ExtensibilityGlobals) = postSolution
		SolutionGuid = {FAC3B9F9-0C1D-4F4A-9A4F-A53DFCDBD3FB}
	EndGlobalSection
EndGlobal
